
Microsoft Visual Studio Solution File, Format Version 12.00
# Visual Studio Version 17
VisualStudioVersion = 17.5.33627.172
MinimumVisualStudioVersion = 10.0.40219.1
Project("{FAE04EC0-301F-11D3-BF4B-00C04F79EFBC}") = "api_a", "api_a.csproj", "{B829D743-BC6E-4041-95E1-9E4A6F3F6DFE}"
EndProject
Global
	GlobalSection(SolutionConfigurationPlatforms) = preSolution
		Debug|Any CPU = Debug|Any CPU
		Release|Any CPU = Release|Any CPU
	EndGlobalSection
	GlobalSection(ProjectConfigurationPlatforms) = postSolution
		{B829D743-BC6E-4041-95E1-9E4A6F3F6DFE}.Debug|Any CPU.ActiveCfg = Debug|Any CPU
		{B829D743-BC6E-4041-95E1-9E4A6F3F6DFE}.Debug|Any CPU.Build.0 = Debug|Any CPU
		{B829D743-BC6E-4041-95E1-9E4A6F3F6DFE}.Release|Any CPU.ActiveCfg = Release|Any CPU
		{B829D743-BC6E-4041-95E1-9E4A6F3F6DFE}.Release|Any CPU.Build.0 = Release|Any CPU
	EndGlobalSection
	GlobalSection(SolutionProperties) = preSolution
		HideSolutionNode = FALSE
	EndGlobalSection
	GlobalSection(ExtensibilityGlobals) = postSolution
		SolutionGuid = {F89074F4-E642-4704-A70F-DFDA663E9526}
	EndGlobalSection
EndGlobal
